// !$*UTF8*$!
{
	archiveVersion = 1;
	classes = {
	};
	objectVersion = 56;
	objects = {

/* Begin PBXBuildFile section */
		1229740D2B5E2C1800B2E707 /* Utils.swift in Sources */ = {isa = PBXBuildFile; fileRef = 1229740C2B5E2C1800B2E707 /* Utils.swift */; };
		1229740F2B5E2D5B00B2E707 /* ImageStorage.swift in Sources */ = {isa = PBXBuildFile; fileRef = 1229740E2B5E2D5B00B2E707 /* ImageStorage.swift */; };
		122974112B5E592F00B2E707 /* ImageDetailCollectionViewCell.swift in Sources */ = {isa = PBXBuildFile; fileRef = 122974102B5E592F00B2E707 /* ImageDetailCollectionViewCell.swift */; };
		124C2D672B5CF4F70072A250 /* ImageGalleryRouter.swift in Sources */ = {isa = PBXBuildFile; fileRef = 124C2D662B5CF4F70072A250 /* ImageGalleryRouter.swift */; };
		124C2D6D2B5D01AF0072A250 /* ImageType.swift in Sources */ = {isa = PBXBuildFile; fileRef = 124C2D6C2B5D01AF0072A250 /* ImageType.swift */; };
		124C7E8B2B5EC121009895AD /* Config.swift in Sources */ = {isa = PBXBuildFile; fileRef = 124C7E8A2B5EC121009895AD /* Config.swift */; };
		124C7E8F2B5EC2B7009895AD /* ImageDetailDIContainer.swift in Sources */ = {isa = PBXBuildFile; fileRef = 124C7E8E2B5EC2B7009895AD /* ImageDetailDIContainer.swift */; };
		12579ED92B583B1400474E6B /* AppDelegate.swift in Sources */ = {isa = PBXBuildFile; fileRef = 12579ED82B583B1400474E6B /* AppDelegate.swift */; };
		12579EDB2B583B1400474E6B /* SceneDelegate.swift in Sources */ = {isa = PBXBuildFile; fileRef = 12579EDA2B583B1400474E6B /* SceneDelegate.swift */; };
		12579EE22B583B1600474E6B /* Assets.xcassets in Resources */ = {isa = PBXBuildFile; fileRef = 12579EE12B583B1600474E6B /* Assets.xcassets */; };
		12579EE52B583B1600474E6B /* LaunchScreen.storyboard in Resources */ = {isa = PBXBuildFile; fileRef = 12579EE32B583B1600474E6B /* LaunchScreen.storyboard */; };
		12579EED2B585C6200474E6B /* ImageGalleryViewController.swift in Sources */ = {isa = PBXBuildFile; fileRef = 12579EEC2B585C6200474E6B /* ImageGalleryViewController.swift */; };
		126F3EC32B5A72B300A36069 /* ImageGalleryViewModel.swift in Sources */ = {isa = PBXBuildFile; fileRef = 126F3EC22B5A72B300A36069 /* ImageGalleryViewModel.swift */; };
		126F3EC52B5A735700A36069 /* ImageGalleryDIContainer.swift in Sources */ = {isa = PBXBuildFile; fileRef = 126F3EC42B5A735700A36069 /* ImageGalleryDIContainer.swift */; };
		126F3EC72B5A74E600A36069 /* GalleryImage.swift in Sources */ = {isa = PBXBuildFile; fileRef = 126F3EC62B5A74E600A36069 /* GalleryImage.swift */; };
		126F3ECA2B5A7D5100A36069 /* Nuke in Frameworks */ = {isa = PBXBuildFile; productRef = 126F3EC92B5A7D5100A36069 /* Nuke */; };
		126F3ECE2B5AA25000A36069 /* ImageGalleryService.swift in Sources */ = {isa = PBXBuildFile; fileRef = 126F3ECD2B5AA25000A36069 /* ImageGalleryService.swift */; };
		126F3ED02B5AA4E000A36069 /* ImageLoader.swift in Sources */ = {isa = PBXBuildFile; fileRef = 126F3ECF2B5AA4E000A36069 /* ImageLoader.swift */; };
		12721FE92B5941D200E31C1B /* ImageGalleryCollectionViewCell.swift in Sources */ = {isa = PBXBuildFile; fileRef = 12721FE82B5941D200E31C1B /* ImageGalleryCollectionViewCell.swift */; };
		12A1806F2B5C3F2000073E4D /* ImageGalleryPaginationFooter.swift in Sources */ = {isa = PBXBuildFile; fileRef = 12A1806E2B5C3F2000073E4D /* ImageGalleryPaginationFooter.swift */; };
		12A180712B5C4A7C00073E4D /* ImageDetailViewController.swift in Sources */ = {isa = PBXBuildFile; fileRef = 12A180702B5C4A7C00073E4D /* ImageDetailViewController.swift */; };
		12A180752B5C528D00073E4D /* ImageDetailViewModel.swift in Sources */ = {isa = PBXBuildFile; fileRef = 12A180742B5C528D00073E4D /* ImageDetailViewModel.swift */; };
/* End PBXBuildFile section */

/* Begin PBXFileReference section */
		1229740C2B5E2C1800B2E707 /* Utils.swift */ = {isa = PBXFileReference; lastKnownFileType = sourcecode.swift; path = Utils.swift; sourceTree = "<group>"; };
		1229740E2B5E2D5B00B2E707 /* ImageStorage.swift */ = {isa = PBXFileReference; lastKnownFileType = sourcecode.swift; path = ImageStorage.swift; sourceTree = "<group>"; };
		122974102B5E592F00B2E707 /* ImageDetailCollectionViewCell.swift */ = {isa = PBXFileReference; lastKnownFileType = sourcecode.swift; path = ImageDetailCollectionViewCell.swift; sourceTree = "<group>"; };
		124C2D662B5CF4F70072A250 /* ImageGalleryRouter.swift */ = {isa = PBXFileReference; lastKnownFileType = sourcecode.swift; path = ImageGalleryRouter.swift; sourceTree = "<group>"; };
		124C2D6C2B5D01AF0072A250 /* ImageType.swift */ = {isa = PBXFileReference; lastKnownFileType = sourcecode.swift; path = ImageType.swift; sourceTree = "<group>"; };
		124C7E8A2B5EC121009895AD /* Config.swift */ = {isa = PBXFileReference; lastKnownFileType = sourcecode.swift; path = Config.swift; sourceTree = "<group>"; };
		124C7E8E2B5EC2B7009895AD /* ImageDetailDIContainer.swift */ = {isa = PBXFileReference; lastKnownFileType = sourcecode.swift; path = ImageDetailDIContainer.swift; sourceTree = "<group>"; };
		12579ED52B583B1400474E6B /* InnowiseGallery.app */ = {isa = PBXFileReference; explicitFileType = wrapper.application; includeInIndex = 0; path = InnowiseGallery.app; sourceTree = BUILT_PRODUCTS_DIR; };
		12579ED82B583B1400474E6B /* AppDelegate.swift */ = {isa = PBXFileReference; lastKnownFileType = sourcecode.swift; path = AppDelegate.swift; sourceTree = "<group>"; };
		12579EDA2B583B1400474E6B /* SceneDelegate.swift */ = {isa = PBXFileReference; lastKnownFileType = sourcecode.swift; path = SceneDelegate.swift; sourceTree = "<group>"; };
		12579EE12B583B1600474E6B /* Assets.xcassets */ = {isa = PBXFileReference; lastKnownFileType = folder.assetcatalog; path = Assets.xcassets; sourceTree = "<group>"; };
		12579EE42B583B1600474E6B /* Base */ = {isa = PBXFileReference; lastKnownFileType = file.storyboard; name = Base; path = Base.lproj/LaunchScreen.storyboard; sourceTree = "<group>"; };
		12579EE62B583B1600474E6B /* Info.plist */ = {isa = PBXFileReference; lastKnownFileType = text.plist.xml; path = Info.plist; sourceTree = "<group>"; };
		12579EEC2B585C6200474E6B /* ImageGalleryViewController.swift */ = {isa = PBXFileReference; lastKnownFileType = sourcecode.swift; path = ImageGalleryViewController.swift; sourceTree = "<group>"; };
		126F3EC22B5A72B300A36069 /* ImageGalleryViewModel.swift */ = {isa = PBXFileReference; lastKnownFileType = sourcecode.swift; path = ImageGalleryViewModel.swift; sourceTree = "<group>"; };
		126F3EC42B5A735700A36069 /* ImageGalleryDIContainer.swift */ = {isa = PBXFileReference; lastKnownFileType = sourcecode.swift; path = ImageGalleryDIContainer.swift; sourceTree = "<group>"; };
		126F3EC62B5A74E600A36069 /* GalleryImage.swift */ = {isa = PBXFileReference; lastKnownFileType = sourcecode.swift; path = GalleryImage.swift; sourceTree = "<group>"; };
		126F3ECD2B5AA25000A36069 /* ImageGalleryService.swift */ = {isa = PBXFileReference; lastKnownFileType = sourcecode.swift; path = ImageGalleryService.swift; sourceTree = "<group>"; };
		126F3ECF2B5AA4E000A36069 /* ImageLoader.swift */ = {isa = PBXFileReference; lastKnownFileType = sourcecode.swift; path = ImageLoader.swift; sourceTree = "<group>"; };
		12721FE82B5941D200E31C1B /* ImageGalleryCollectionViewCell.swift */ = {isa = PBXFileReference; lastKnownFileType = sourcecode.swift; path = ImageGalleryCollectionViewCell.swift; sourceTree = "<group>"; };
		12A1806E2B5C3F2000073E4D /* ImageGalleryPaginationFooter.swift */ = {isa = PBXFileReference; lastKnownFileType = sourcecode.swift; path = ImageGalleryPaginationFooter.swift; sourceTree = "<group>"; };
		12A180702B5C4A7C00073E4D /* ImageDetailViewController.swift */ = {isa = PBXFileReference; lastKnownFileType = sourcecode.swift; path = ImageDetailViewController.swift; sourceTree = "<group>"; };
		12A180742B5C528D00073E4D /* ImageDetailViewModel.swift */ = {isa = PBXFileReference; lastKnownFileType = sourcecode.swift; path = ImageDetailViewModel.swift; sourceTree = "<group>"; };
/* End PBXFileReference section */

/* Begin PBXFrameworksBuildPhase section */
		12579ED22B583B1400474E6B /* Frameworks */ = {
			isa = PBXFrameworksBuildPhase;
			buildActionMask = 2147483647;
			files = (
				126F3ECA2B5A7D5100A36069 /* Nuke in Frameworks */,
			);
			runOnlyForDeploymentPostprocessing = 0;
		};
/* End PBXFrameworksBuildPhase section */

/* Begin PBXGroup section */
		124C7E8C2B5EC1C4009895AD /* Model */ = {
			isa = PBXGroup;
			children = (
				126F3EC62B5A74E600A36069 /* GalleryImage.swift */,
				124C2D6C2B5D01AF0072A250 /* ImageType.swift */,
			);
			path = Model;
			sourceTree = "<group>";
		};
		124C7E8D2B5EC1DD009895AD /* Service */ = {
			isa = PBXGroup;
			children = (
				126F3ECF2B5AA4E000A36069 /* ImageLoader.swift */,
				1229740E2B5E2D5B00B2E707 /* ImageStorage.swift */,
				126F3ECD2B5AA25000A36069 /* ImageGalleryService.swift */,
			);
			path = Service;
			sourceTree = "<group>";
		};
		124C7E972B5ED61A009895AD /* AppLlifecycle */ = {
			isa = PBXGroup;
			children = (
				12579ED82B583B1400474E6B /* AppDelegate.swift */,
				12579EDA2B583B1400474E6B /* SceneDelegate.swift */,
			);
			path = AppLlifecycle;
			sourceTree = "<group>";
		};
		124C7E982B5ED652009895AD /* Helpers */ = {
			isa = PBXGroup;
			children = (
				124C7E8A2B5EC121009895AD /* Config.swift */,
				1229740C2B5E2C1800B2E707 /* Utils.swift */,
			);
			path = Helpers;
			sourceTree = "<group>";
		};
		124C7E992B5ED670009895AD /* Resources */ = {
			isa = PBXGroup;
			children = (
				12579EE12B583B1600474E6B /* Assets.xcassets */,
				12579EE32B583B1600474E6B /* LaunchScreen.storyboard */,
			);
			path = Resources;
			sourceTree = "<group>";
		};
		12579ECC2B583B1400474E6B = {
			isa = PBXGroup;
			children = (
				12579ED72B583B1400474E6B /* InnowiseGallery */,
				12579ED62B583B1400474E6B /* Products */,
			);
			sourceTree = "<group>";
		};
		12579ED62B583B1400474E6B /* Products */ = {
			isa = PBXGroup;
			children = (
				12579ED52B583B1400474E6B /* InnowiseGallery.app */,
			);
			name = Products;
			sourceTree = "<group>";
		};
		12579ED72B583B1400474E6B /* InnowiseGallery */ = {
			isa = PBXGroup;
			children = (
				12A180722B5C526300073E4D /* ImageGallery */,
				12A180732B5C527A00073E4D /* ImageDetail */,
				124C7E8D2B5EC1DD009895AD /* Service */,
				124C7E8C2B5EC1C4009895AD /* Model */,
				124C7E972B5ED61A009895AD /* AppLlifecycle */,
				124C7E982B5ED652009895AD /* Helpers */,
				124C7E992B5ED670009895AD /* Resources */,
				12579EE62B583B1600474E6B /* Info.plist */,
			);
			path = InnowiseGallery;
			sourceTree = "<group>";
		};
		12A180722B5C526300073E4D /* ImageGallery */ = {
			isa = PBXGroup;
			children = (
				126F3EC42B5A735700A36069 /* ImageGalleryDIContainer.swift */,
				12579EEC2B585C6200474E6B /* ImageGalleryViewController.swift */,
				12A1806E2B5C3F2000073E4D /* ImageGalleryPaginationFooter.swift */,
				126F3EC22B5A72B300A36069 /* ImageGalleryViewModel.swift */,
				12721FE82B5941D200E31C1B /* ImageGalleryCollectionViewCell.swift */,
				124C2D662B5CF4F70072A250 /* ImageGalleryRouter.swift */,
			);
			path = ImageGallery;
			sourceTree = "<group>";
		};
		12A180732B5C527A00073E4D /* ImageDetail */ = {
			isa = PBXGroup;
			children = (
				12A180702B5C4A7C00073E4D /* ImageDetailViewController.swift */,
				122974102B5E592F00B2E707 /* ImageDetailCollectionViewCell.swift */,
				12A180742B5C528D00073E4D /* ImageDetailViewModel.swift */,
				124C7E8E2B5EC2B7009895AD /* ImageDetailDIContainer.swift */,
			);
			path = ImageDetail;
			sourceTree = "<group>";
		};
/* End PBXGroup section */

/* Begin PBXNativeTarget section */
		12579ED42B583B1400474E6B /* InnowiseGallery */ = {
			isa = PBXNativeTarget;
			buildConfigurationList = 12579EE92B583B1600474E6B /* Build configuration list for PBXNativeTarget "InnowiseGallery" */;
			buildPhases = (
				12579ED12B583B1400474E6B /* Sources */,
				12579ED22B583B1400474E6B /* Frameworks */,
				12579ED32B583B1400474E6B /* Resources */,
			);
			buildRules = (
			);
			dependencies = (
				124C7E962B5ED002009895AD /* PBXTargetDependency */,
			);
			name = InnowiseGallery;
			packageProductDependencies = (
				126F3EC92B5A7D5100A36069 /* Nuke */,
			);
			productName = InnowiseGallery;
			productReference = 12579ED52B583B1400474E6B /* InnowiseGallery.app */;
			productType = "com.apple.product-type.application";
		};
/* End PBXNativeTarget section */

/* Begin PBXProject section */
		12579ECD2B583B1400474E6B /* Project object */ = {
			isa = PBXProject;
			attributes = {
				BuildIndependentTargetsInParallel = 1;
				LastSwiftUpdateCheck = 1520;
				LastUpgradeCheck = 1520;
				TargetAttributes = {
					12579ED42B583B1400474E6B = {
						CreatedOnToolsVersion = 15.2;
					};
				};
			};
			buildConfigurationList = 12579ED02B583B1400474E6B /* Build configuration list for PBXProject "InnowiseGallery" */;
			compatibilityVersion = "Xcode 14.0";
			developmentRegion = en;
			hasScannedForEncodings = 0;
			knownRegions = (
				en,
				Base,
			);
			mainGroup = 12579ECC2B583B1400474E6B;
			packageReferences = (
				126F3EC82B5A7D5100A36069 /* XCRemoteSwiftPackageReference "Nuke" */,
				124C7E942B5ECFF4009895AD /* XCRemoteSwiftPackageReference "SwiftLint" */,
			);
			productRefGroup = 12579ED62B583B1400474E6B /* Products */;
			projectDirPath = "";
			projectRoot = "";
			targets = (
				12579ED42B583B1400474E6B /* InnowiseGallery */,
			);
		};
/* End PBXProject section */

/* Begin PBXResourcesBuildPhase section */
		12579ED32B583B1400474E6B /* Resources */ = {
			isa = PBXResourcesBuildPhase;
			buildActionMask = 2147483647;
			files = (
				12579EE52B583B1600474E6B /* LaunchScreen.storyboard in Resources */,
				12579EE22B583B1600474E6B /* Assets.xcassets in Resources */,
			);
			runOnlyForDeploymentPostprocessing = 0;
		};
/* End PBXResourcesBuildPhase section */

/* Begin PBXSourcesBuildPhase section */
		12579ED12B583B1400474E6B /* Sources */ = {
			isa = PBXSourcesBuildPhase;
			buildActionMask = 2147483647;
			files = (
				126F3ECE2B5AA25000A36069 /* ImageGalleryService.swift in Sources */,
				126F3EC32B5A72B300A36069 /* ImageGalleryViewModel.swift in Sources */,
				12A180712B5C4A7C00073E4D /* ImageDetailViewController.swift in Sources */,
				12A180752B5C528D00073E4D /* ImageDetailViewModel.swift in Sources */,
				12579ED92B583B1400474E6B /* AppDelegate.swift in Sources */,
				1229740F2B5E2D5B00B2E707 /* ImageStorage.swift in Sources */,
				1229740D2B5E2C1800B2E707 /* Utils.swift in Sources */,
				12721FE92B5941D200E31C1B /* ImageGalleryCollectionViewCell.swift in Sources */,
				124C2D672B5CF4F70072A250 /* ImageGalleryRouter.swift in Sources */,
				124C2D6D2B5D01AF0072A250 /* ImageType.swift in Sources */,
				12579EED2B585C6200474E6B /* ImageGalleryViewController.swift in Sources */,
				124C7E8F2B5EC2B7009895AD /* ImageDetailDIContainer.swift in Sources */,
				124C7E8B2B5EC121009895AD /* Config.swift in Sources */,
				12A1806F2B5C3F2000073E4D /* ImageGalleryPaginationFooter.swift in Sources */,
				126F3ED02B5AA4E000A36069 /* ImageLoader.swift in Sources */,
				126F3EC72B5A74E600A36069 /* GalleryImage.swift in Sources */,
				12579EDB2B583B1400474E6B /* SceneDelegate.swift in Sources */,
				126F3EC52B5A735700A36069 /* ImageGalleryDIContainer.swift in Sources */,
				122974112B5E592F00B2E707 /* ImageDetailCollectionViewCell.swift in Sources */,
			);
			runOnlyForDeploymentPostprocessing = 0;
		};
/* End PBXSourcesBuildPhase section */

/* Begin PBXTargetDependency section */
		124C7E962B5ED002009895AD /* PBXTargetDependency */ = {
			isa = PBXTargetDependency;
			productRef = 124C7E952B5ED002009895AD /* SwiftLintPlugin */;
		};
/* End PBXTargetDependency section */

/* Begin PBXVariantGroup section */
		12579EE32B583B1600474E6B /* LaunchScreen.storyboard */ = {
			isa = PBXVariantGroup;
			children = (
				12579EE42B583B1600474E6B /* Base */,
			);
			name = LaunchScreen.storyboard;
			sourceTree = "<group>";
		};
/* End PBXVariantGroup section */

/* Begin XCBuildConfiguration section */
		12579EE72B583B1600474E6B /* Debug */ = {
			isa = XCBuildConfiguration;
			buildSettings = {
				ALWAYS_SEARCH_USER_PATHS = NO;
				ASSETCATALOG_COMPILER_GENERATE_SWIFT_ASSET_SYMBOL_EXTENSIONS = YES;
				CLANG_ANALYZER_NONNULL = YES;
				CLANG_ANALYZER_NUMBER_OBJECT_CONVERSION = YES_AGGRESSIVE;
				CLANG_CXX_LANGUAGE_STANDARD = "gnu++20";
				CLANG_ENABLE_MODULES = YES;
				CLANG_ENABLE_OBJC_ARC = YES;
				CLANG_ENABLE_OBJC_WEAK = YES;
				CLANG_WARN_BLOCK_CAPTURE_AUTORELEASING = YES;
				CLANG_WARN_BOOL_CONVERSION = YES;
				CLANG_WARN_COMMA = YES;
				CLANG_WARN_CONSTANT_CONVERSION = YES;
				CLANG_WARN_DEPRECATED_OBJC_IMPLEMENTATIONS = YES;
				CLANG_WARN_DIRECT_OBJC_ISA_USAGE = YES_ERROR;
				CLANG_WARN_DOCUMENTATION_COMMENTS = YES;
				CLANG_WARN_EMPTY_BODY = YES;
				CLANG_WARN_ENUM_CONVERSION = YES;
				CLANG_WARN_INFINITE_RECURSION = YES;
				CLANG_WARN_INT_CONVERSION = YES;
				CLANG_WARN_NON_LITERAL_NULL_CONVERSION = YES;
				CLANG_WARN_OBJC_IMPLICIT_RETAIN_SELF = YES;
				CLANG_WARN_OBJC_LITERAL_CONVERSION = YES;
				CLANG_WARN_OBJC_ROOT_CLASS = YES_ERROR;
				CLANG_WARN_QUOTED_INCLUDE_IN_FRAMEWORK_HEADER = YES;
				CLANG_WARN_RANGE_LOOP_ANALYSIS = YES;
				CLANG_WARN_STRICT_PROTOTYPES = YES;
				CLANG_WARN_SUSPICIOUS_MOVE = YES;
				CLANG_WARN_UNGUARDED_AVAILABILITY = YES_AGGRESSIVE;
				CLANG_WARN_UNREACHABLE_CODE = YES;
				CLANG_WARN__DUPLICATE_METHOD_MATCH = YES;
				COPY_PHASE_STRIP = NO;
				DEBUG_INFORMATION_FORMAT = dwarf;
				ENABLE_STRICT_OBJC_MSGSEND = YES;
				ENABLE_TESTABILITY = YES;
				ENABLE_USER_SCRIPT_SANDBOXING = YES;
				GCC_C_LANGUAGE_STANDARD = gnu17;
				GCC_DYNAMIC_NO_PIC = NO;
				GCC_NO_COMMON_BLOCKS = YES;
				GCC_OPTIMIZATION_LEVEL = 0;
				GCC_PREPROCESSOR_DEFINITIONS = (
					"DEBUG=1",
					"$(inherited)",
				);
				GCC_WARN_64_TO_32_BIT_CONVERSION = YES;
				GCC_WARN_ABOUT_RETURN_TYPE = YES_ERROR;
				GCC_WARN_UNDECLARED_SELECTOR = YES;
				GCC_WARN_UNINITIALIZED_AUTOS = YES_AGGRESSIVE;
				GCC_WARN_UNUSED_FUNCTION = YES;
				GCC_WARN_UNUSED_VARIABLE = YES;
				IPHONEOS_DEPLOYMENT_TARGET = 17.2;
				LOCALIZATION_PREFERS_STRING_CATALOGS = YES;
				MTL_ENABLE_DEBUG_INFO = INCLUDE_SOURCE;
				MTL_FAST_MATH = YES;
				ONLY_ACTIVE_ARCH = YES;
				SDKROOT = iphoneos;
				SWIFT_ACTIVE_COMPILATION_CONDITIONS = "DEBUG $(inherited)";
				SWIFT_OPTIMIZATION_LEVEL = "-Onone";
			};
			name = Debug;
		};
		12579EE82B583B1600474E6B /* Release */ = {
			isa = XCBuildConfiguration;
			buildSettings = {
				ALWAYS_SEARCH_USER_PATHS = NO;
				ASSETCATALOG_COMPILER_GENERATE_SWIFT_ASSET_SYMBOL_EXTENSIONS = YES;
				CLANG_ANALYZER_NONNULL = YES;
				CLANG_ANALYZER_NUMBER_OBJECT_CONVERSION = YES_AGGRESSIVE;
				CLANG_CXX_LANGUAGE_STANDARD = "gnu++20";
				CLANG_ENABLE_MODULES = YES;
				CLANG_ENABLE_OBJC_ARC = YES;
				CLANG_ENABLE_OBJC_WEAK = YES;
				CLANG_WARN_BLOCK_CAPTURE_AUTORELEASING = YES;
				CLANG_WARN_BOOL_CONVERSION = YES;
				CLANG_WARN_COMMA = YES;
				CLANG_WARN_CONSTANT_CONVERSION = YES;
				CLANG_WARN_DEPRECATED_OBJC_IMPLEMENTATIONS = YES;
				CLANG_WARN_DIRECT_OBJC_ISA_USAGE = YES_ERROR;
				CLANG_WARN_DOCUMENTATION_COMMENTS = YES;
				CLANG_WARN_EMPTY_BODY = YES;
				CLANG_WARN_ENUM_CONVERSION = YES;
				CLANG_WARN_INFINITE_RECURSION = YES;
				CLANG_WARN_INT_CONVERSION = YES;
				CLANG_WARN_NON_LITERAL_NULL_CONVERSION = YES;
				CLANG_WARN_OBJC_IMPLICIT_RETAIN_SELF = YES;
				CLANG_WARN_OBJC_LITERAL_CONVERSION = YES;
				CLANG_WARN_OBJC_ROOT_CLASS = YES_ERROR;
				CLANG_WARN_QUOTED_INCLUDE_IN_FRAMEWORK_HEADER = YES;
				CLANG_WARN_RANGE_LOOP_ANALYSIS = YES;
				CLANG_WARN_STRICT_PROTOTYPES = YES;
				CLANG_WARN_SUSPICIOUS_MOVE = YES;
				CLANG_WARN_UNGUARDED_AVAILABILITY = YES_AGGRESSIVE;
				CLANG_WARN_UNREACHABLE_CODE = YES;
				CLANG_WARN__DUPLICATE_METHOD_MATCH = YES;
				COPY_PHASE_STRIP = NO;
				DEBUG_INFORMATION_FORMAT = "dwarf-with-dsym";
				ENABLE_NS_ASSERTIONS = NO;
				ENABLE_STRICT_OBJC_MSGSEND = YES;
				ENABLE_USER_SCRIPT_SANDBOXING = YES;
				GCC_C_LANGUAGE_STANDARD = gnu17;
				GCC_NO_COMMON_BLOCKS = YES;
				GCC_WARN_64_TO_32_BIT_CONVERSION = YES;
				GCC_WARN_ABOUT_RETURN_TYPE = YES_ERROR;
				GCC_WARN_UNDECLARED_SELECTOR = YES;
				GCC_WARN_UNINITIALIZED_AUTOS = YES_AGGRESSIVE;
				GCC_WARN_UNUSED_FUNCTION = YES;
				GCC_WARN_UNUSED_VARIABLE = YES;
				IPHONEOS_DEPLOYMENT_TARGET = 17.2;
				LOCALIZATION_PREFERS_STRING_CATALOGS = YES;
				MTL_ENABLE_DEBUG_INFO = NO;
				MTL_FAST_MATH = YES;
				SDKROOT = iphoneos;
				SWIFT_COMPILATION_MODE = wholemodule;
				VALIDATE_PRODUCT = YES;
			};
			name = Release;
		};
		12579EEA2B583B1600474E6B /* Debug */ = {
			isa = XCBuildConfiguration;
			buildSettings = {
				ASSETCATALOG_COMPILER_APPICON_NAME = AppIcon;
				ASSETCATALOG_COMPILER_GLOBAL_ACCENT_COLOR_NAME = AccentColor;
				CODE_SIGN_STYLE = Automatic;
				CURRENT_PROJECT_VERSION = 1;
				GENERATE_INFOPLIST_FILE = YES;
				INFOPLIST_FILE = InnowiseGallery/Info.plist;
				INFOPLIST_KEY_UIApplicationSupportsIndirectInputEvents = YES;
				INFOPLIST_KEY_UILaunchStoryboardName = LaunchScreen;
				INFOPLIST_KEY_UIMainStoryboardFile = "";
				INFOPLIST_KEY_UISupportedInterfaceOrientations = UIInterfaceOrientationPortrait;
				INFOPLIST_KEY_UISupportedInterfaceOrientations_iPad = "UIInterfaceOrientationLandscapeLeft UIInterfaceOrientationLandscapeRight UIInterfaceOrientationPortrait UIInterfaceOrientationPortraitUpsideDown";
				IPHONEOS_DEPLOYMENT_TARGET = 13.0;
				LD_RUNPATH_SEARCH_PATHS = (
					"$(inherited)",
					"@executable_path/Frameworks",
				);
				MARKETING_VERSION = 1.0;
				PRODUCT_BUNDLE_IDENTIFIER = com.sdarashenka.InnowiseGallery;
				PRODUCT_NAME = "$(TARGET_NAME)";
				SWIFT_EMIT_LOC_STRINGS = YES;
				SWIFT_VERSION = 5.0;
				TARGETED_DEVICE_FAMILY = "1,2";
			};
			name = Debug;
		};
		12579EEB2B583B1600474E6B /* Release */ = {
			isa = XCBuildConfiguration;
			buildSettings = {
				ASSETCATALOG_COMPILER_APPICON_NAME = AppIcon;
				ASSETCATALOG_COMPILER_GLOBAL_ACCENT_COLOR_NAME = AccentColor;
				CODE_SIGN_STYLE = Automatic;
				CURRENT_PROJECT_VERSION = 1;
				GENERATE_INFOPLIST_FILE = YES;
				INFOPLIST_FILE = InnowiseGallery/Info.plist;
				INFOPLIST_KEY_UIApplicationSupportsIndirectInputEvents = YES;
				INFOPLIST_KEY_UILaunchStoryboardName = LaunchScreen;
				INFOPLIST_KEY_UIMainStoryboardFile = "";
				INFOPLIST_KEY_UISupportedInterfaceOrientations = UIInterfaceOrientationPortrait;
				INFOPLIST_KEY_UISupportedInterfaceOrientations_iPad = "UIInterfaceOrientationLandscapeLeft UIInterfaceOrientationLandscapeRight UIInterfaceOrientationPortrait UIInterfaceOrientationPortraitUpsideDown";
				IPHONEOS_DEPLOYMENT_TARGET = 13.0;
				LD_RUNPATH_SEARCH_PATHS = (
					"$(inherited)",
					"@executable_path/Frameworks",
				);
				MARKETING_VERSION = 1.0;
				PRODUCT_BUNDLE_IDENTIFIER = com.sdarashenka.InnowiseGallery;
				PRODUCT_NAME = "$(TARGET_NAME)";
				SWIFT_EMIT_LOC_STRINGS = YES;
				SWIFT_VERSION = 5.0;
				TARGETED_DEVICE_FAMILY = "1,2";
			};
			name = Release;
		};
/* End XCBuildConfiguration section */

/* Begin XCConfigurationList section */
		12579ED02B583B1400474E6B /* Build configuration list for PBXProject "InnowiseGallery" */ = {
			isa = XCConfigurationList;
			buildConfigurations = (
				12579EE72B583B1600474E6B /* Debug */,
				12579EE82B583B1600474E6B /* Release */,
			);
			defaultConfigurationIsVisible = 0;
			defaultConfigurationName = Release;
		};
		12579EE92B583B1600474E6B /* Build configuration list for PBXNativeTarget "InnowiseGallery" */ = {
			isa = XCConfigurationList;
			buildConfigurations = (
				12579EEA2B583B1600474E6B /* Debug */,
				12579EEB2B583B1600474E6B /* Release */,
			);
			defaultConfigurationIsVisible = 0;
			defaultConfigurationName = Release;
		};
/* End XCConfigurationList section */

/* Begin XCRemoteSwiftPackageReference section */
		124C7E942B5ECFF4009895AD /* XCRemoteSwiftPackageReference "SwiftLint" */ = {
			isa = XCRemoteSwiftPackageReference;
			repositoryURL = "git@github.com:realm/SwiftLint.git";
			requirement = {
				kind = upToNextMajorVersion;
				minimumVersion = 0.54.0;
			};
		};
		126F3EC82B5A7D5100A36069 /* XCRemoteSwiftPackageReference "Nuke" */ = {
			isa = XCRemoteSwiftPackageReference;
			repositoryURL = "git@github.com:kean/Nuke.git";
			requirement = {
				kind = upToNextMajorVersion;
				minimumVersion = 12.3.0;
			};
		};
/* End XCRemoteSwiftPackageReference section */

/* Begin XCSwiftPackageProductDependency section */
		124C7E952B5ED002009895AD /* SwiftLintPlugin */ = {
			isa = XCSwiftPackageProductDependency;
			package = 124C7E942B5ECFF4009895AD /* XCRemoteSwiftPackageReference "SwiftLint" */;
			productName = "plugin:SwiftLintPlugin";
		};
		126F3EC92B5A7D5100A36069 /* Nuke */ = {
			isa = XCSwiftPackageProductDependency;
			package = 126F3EC82B5A7D5100A36069 /* XCRemoteSwiftPackageReference "Nuke" */;
			productName = Nuke;
		};
/* End XCSwiftPackageProductDependency section */
	};
	rootObject = 12579ECD2B583B1400474E6B /* Project object */;
}
